{
  "version": 4,
  "terraform_version": "1.3.6",
  "serial": 5,
  "lineage": "acc1fae5-98c7-3082-b1fc-06899d43dfdc",
  "outputs": {},
  "resources": [
    {
      "mode": "managed",
      "type": "aws_internet_gateway",
      "name": "igw1",
      "provider": "provider[\"registry.terraform.io/hashicorp/aws\"]",
      "instances": [
        {
          "schema_version": 0,
          "attributes": {
            "arn": "arn:aws:ec2:us-east-1:206067050506:internet-gateway/igw-096660c8ed5647542",
            "id": "igw-096660c8ed5647542",
            "owner_id": "206067050506",
            "tags": {
              "Project": "eos"
            },
            "tags_all": {
              "Project": "eos"
            },
            "timeouts": null,
            "vpc_id": "vpc-035c831763ecaf761"
          },
          "sensitive_attributes": [],
          "private": "eyJlMmJmYjczMC1lY2FhLTExZTYtOGY4OC0zNDM2M2JjN2M0YzAiOnsiY3JlYXRlIjoxMjAwMDAwMDAwMDAwLCJkZWxldGUiOjEyMDAwMDAwMDAwMDAsInVwZGF0ZSI6MTIwMDAwMDAwMDAwMH19",
          "dependencies": [
            "aws_vpc.vpc1"
          ]
        }
      ]
    },
    {
      "mode": "managed",
      "type": "aws_vpc",
      "name": "vpc1",
      "provider": "provider[\"registry.terraform.io/hashicorp/aws\"]",
      "instances": [
        {
          "schema_version": 1,
          "attributes": {
            "arn": "arn:aws:ec2:us-east-1:206067050506:vpc/vpc-035c831763ecaf761",
            "assign_generated_ipv6_cidr_block": false,
            "cidr_block": "192.168.0.0/16",
            "default_network_acl_id": "acl-0fac4dfc1c16a501e",
            "default_route_table_id": "rtb-0d81764e9d6b37c52",
            "default_security_group_id": "sg-02386f13e151a51c8",
            "dhcp_options_id": "dopt-0538103f47d5d60dd",
            "enable_classiclink": false,
            "enable_classiclink_dns_support": false,
            "enable_dns_hostnames": false,
            "enable_dns_support": true,
            "enable_network_address_usage_metrics": false,
            "id": "vpc-035c831763ecaf761",
            "instance_tenancy": "default",
            "ipv4_ipam_pool_id": null,
            "ipv4_netmask_length": null,
            "ipv6_association_id": "",
            "ipv6_cidr_block": "",
            "ipv6_cidr_block_network_border_group": "",
            "ipv6_ipam_pool_id": "",
            "ipv6_netmask_length": 0,
            "main_route_table_id": "rtb-0d81764e9d6b37c52",
            "owner_id": "206067050506",
            "tags": {
              "Project": "eos",
              "name": "eos-vpc1"
            },
            "tags_all": {
              "Project": "eos",
              "name": "eos-vpc1"
            }
          },
          "sensitive_attributes": [],
          "private": "eyJzY2hlbWFfdmVyc2lvbiI6IjEifQ=="
        }
      ]
    }
  ],
  "check_results": null
}
